// !$*UTF8*$!
{
	archiveVersion = 1;
	classes = {
	};
	objectVersion = 46;
	objects = {

/* Begin PBXBuildFile section */
		B258F3E01D40703000739326 /* AppDelegate.swift in Sources */ = {isa = PBXBuildFile; fileRef = B258F3DF1D40703000739326 /* AppDelegate.swift */; };
		B258F3E21D40703000739326 /* ViewController.swift in Sources */ = {isa = PBXBuildFile; fileRef = B258F3E11D40703000739326 /* ViewController.swift */; };
		B258F3E51D40703000739326 /* Main.storyboard in Resources */ = {isa = PBXBuildFile; fileRef = B258F3E31D40703000739326 /* Main.storyboard */; };
		B258F3E71D40703000739326 /* Assets.xcassets in Resources */ = {isa = PBXBuildFile; fileRef = B258F3E61D40703000739326 /* Assets.xcassets */; };
		B258F3EA1D40703000739326 /* LaunchScreen.storyboard in Resources */ = {isa = PBXBuildFile; fileRef = B258F3E81D40703000739326 /* LaunchScreen.storyboard */; };
		B258F3F51D40703000739326 /* ____Tests.swift in Sources */ = {isa = PBXBuildFile; fileRef = B258F3F41D40703000739326 /* ____Tests.swift */; };
		B258F4001D40703000739326 /* ____UITests.swift in Sources */ = {isa = PBXBuildFile; fileRef = B258F3FF1D40703000739326 /* ____UITests.swift */; };
/* End PBXBuildFile section */

/* Begin PBXContainerItemProxy section */
		B258F3F11D40703000739326 /* PBXContainerItemProxy */ = {
			isa = PBXContainerItemProxy;
			containerPortal = B258F3D41D40703000739326 /* Project object */;
			proxyType = 1;
			remoteGlobalIDString = B258F3DB1D40703000739326;
			remoteInfo = "健康卫士";
		};
		B258F3FC1D40703000739326 /* PBXContainerItemProxy */ = {
			isa = PBXContainerItemProxy;
			containerPortal = B258F3D41D40703000739326 /* Project object */;
			proxyType = 1;
			remoteGlobalIDString = B258F3DB1D40703000739326;
			remoteInfo = "健康卫士";
		};
/* End PBXContainerItemProxy section */

/* Begin PBXFileReference section */
		B258F3DC1D40703000739326 /* 健康卫士.app */ = {isa = PBXFileReference; explicitFileType = wrapper.application; includeInIndex = 0; path = "健康卫士.app"; sourceTree = BUILT_PRODUCTS_DIR; };
		B258F3DF1D40703000739326 /* AppDelegate.swift */ = {isa = PBXFileReference; lastKnownFileType = sourcecode.swift; path = AppDelegate.swift; sourceTree = "<group>"; };
		B258F3E11D40703000739326 /* ViewController.swift */ = {isa = PBXFileReference; lastKnownFileType = sourcecode.swift; path = ViewController.swift; sourceTree = "<group>"; };
		B258F3E41D40703000739326 /* Base */ = {isa = PBXFileReference; lastKnownFileType = file.storyboard; name = Base; path = Base.lproj/Main.storyboard; sourceTree = "<group>"; };
		B258F3E61D40703000739326 /* Assets.xcassets */ = {isa = PBXFileReference; lastKnownFileType = folder.assetcatalog; path = Assets.xcassets; sourceTree = "<group>"; };
		B258F3E91D40703000739326 /* Base */ = {isa = PBXFileReference; lastKnownFileType = file.storyboard; name = Base; path = Base.lproj/LaunchScreen.storyboard; sourceTree = "<group>"; };
		B258F3EB1D40703000739326 /* Info.plist */ = {isa = PBXFileReference; lastKnownFileType = text.plist.xml; path = Info.plist; sourceTree = "<group>"; };
		B258F3F01D40703000739326 /* 健康卫士Tests.xctest */ = {isa = PBXFileReference; explicitFileType = wrapper.cfbundle; includeInIndex = 0; path = "健康卫士Tests.xctest"; sourceTree = BUILT_PRODUCTS_DIR; };
		B258F3F41D40703000739326 /* ____Tests.swift */ = {isa = PBXFileReference; lastKnownFileType = sourcecode.swift; path = "____Tests.swift"; sourceTree = "<group>"; };
		B258F3F61D40703000739326 /* Info.plist */ = {isa = PBXFileReference; lastKnownFileType = text.plist.xml; path = Info.plist; sourceTree = "<group>"; };
		B258F3FB1D40703000739326 /* 健康卫士UITests.xctest */ = {isa = PBXFileReference; explicitFileType = wrapper.cfbundle; includeInIndex = 0; path = "健康卫士UITests.xctest"; sourceTree = BUILT_PRODUCTS_DIR; };
		B258F3FF1D40703000739326 /* ____UITests.swift */ = {isa = PBXFileReference; lastKnownFileType = sourcecode.swift; path = "____UITests.swift"; sourceTree = "<group>"; };
		B258F4011D40703000739326 /* Info.plist */ = {isa = PBXFileReference; lastKnownFileType = text.plist.xml; path = Info.plist; sourceTree = "<group>"; };
/* End PBXFileReference section */

/* Begin PBXFrameworksBuildPhase section */
		B258F3D91D40703000739326 /* Frameworks */ = {
			isa = PBXFrameworksBuildPhase;
			buildActionMask = 2147483647;
			files = (
			);
			runOnlyForDeploymentPostprocessing = 0;
		};
		B258F3ED1D40703000739326 /* Frameworks */ = {
			isa = PBXFrameworksBuildPhase;
			buildActionMask = 2147483647;
			files = (
			);
			runOnlyForDeploymentPostprocessing = 0;
		};
		B258F3F81D40703000739326 /* Frameworks */ = {
			isa = PBXFrameworksBuildPhase;
			buildActionMask = 2147483647;
			files = (
			);
			runOnlyForDeploymentPostprocessing = 0;
		};
/* End PBXFrameworksBuildPhase section */

/* Begin PBXGroup section */
		B258F3D31D40703000739326 = {
			isa = PBXGroup;
			children = (
				B258F3DE1D40703000739326 /* 健康卫士 */,
				B258F3F31D40703000739326 /* 健康卫士Tests */,
				B258F3FE1D40703000739326 /* 健康卫士UITests */,
				B258F3DD1D40703000739326 /* Products */,
			);
			sourceTree = "<group>";
		};
		B258F3DD1D40703000739326 /* Products */ = {
			isa = PBXGroup;
			children = (
				B258F3DC1D40703000739326 /* 健康卫士.app */,
				B258F3F01D40703000739326 /* 健康卫士Tests.xctest */,
				B258F3FB1D40703000739326 /* 健康卫士UITests.xctest */,
			);
			name = Products;
			sourceTree = "<group>";
		};
		B258F3DE1D40703000739326 /* 健康卫士 */ = {
			isa = PBXGroup;
			children = (
				B258F3DF1D40703000739326 /* AppDelegate.swift */,
				B258F3E11D40703000739326 /* ViewController.swift */,
				B258F3E31D40703000739326 /* Main.storyboard */,
				B258F3E61D40703000739326 /* Assets.xcassets */,
				B258F3E81D40703000739326 /* LaunchScreen.storyboard */,
				B258F3EB1D40703000739326 /* Info.plist */,
			);
			path = "健康卫士";
			sourceTree = "<group>";
		};
		B258F3F31D40703000739326 /* 健康卫士Tests */ = {
			isa = PBXGroup;
			children = (
				B258F3F41D40703000739326 /* ____Tests.swift */,
				B258F3F61D40703000739326 /* Info.plist */,
			);
			path = "健康卫士Tests";
			sourceTree = "<group>";
		};
		B258F3FE1D40703000739326 /* 健康卫士UITests */ = {
			isa = PBXGroup;
			children = (
				B258F3FF1D40703000739326 /* ____UITests.swift */,
				B258F4011D40703000739326 /* Info.plist */,
			);
			path = "健康卫士UITests";
			sourceTree = "<group>";
		};
/* End PBXGroup section */

/* Begin PBXNativeTarget section */
		B258F3DB1D40703000739326 /* 健康卫士 */ = {
			isa = PBXNativeTarget;
			buildConfigurationList = B258F4041D40703000739326 /* Build configuration list for PBXNativeTarget "健康卫士" */;
			buildPhases = (
				B258F3D81D40703000739326 /* Sources */,
				B258F3D91D40703000739326 /* Frameworks */,
				B258F3DA1D40703000739326 /* Resources */,
			);
			buildRules = (
			);
			dependencies = (
			);
			name = "健康卫士";
			productName = "健康卫士";
			productReference = B258F3DC1D40703000739326 /* 健康卫士.app */;
			productType = "com.apple.product-type.application";
		};
		B258F3EF1D40703000739326 /* 健康卫士Tests */ = {
			isa = PBXNativeTarget;
			buildConfigurationList = B258F4071D40703000739326 /* Build configuration list for PBXNativeTarget "健康卫士Tests" */;
			buildPhases = (
				B258F3EC1D40703000739326 /* Sources */,
				B258F3ED1D40703000739326 /* Frameworks */,
				B258F3EE1D40703000739326 /* Resources */,
			);
			buildRules = (
			);
			dependencies = (
				B258F3F21D40703000739326 /* PBXTargetDependency */,
			);
			name = "健康卫士Tests";
			productName = "健康卫士Tests";
			productReference = B258F3F01D40703000739326 /* 健康卫士Tests.xctest */;
			productType = "com.apple.product-type.bundle.unit-test";
		};
		B258F3FA1D40703000739326 /* 健康卫士UITests */ = {
			isa = PBXNativeTarget;
			buildConfigurationList = B258F40A1D40703000739326 /* Build configuration list for PBXNativeTarget "健康卫士UITests" */;
			buildPhases = (
				B258F3F71D40703000739326 /* Sources */,
				B258F3F81D40703000739326 /* Frameworks */,
				B258F3F91D40703000739326 /* Resources */,
			);
			buildRules = (
			);
			dependencies = (
				B258F3FD1D40703000739326 /* PBXTargetDependency */,
			);
			name = "健康卫士UITests";
			productName = "健康卫士UITests";
			productReference = B258F3FB1D40703000739326 /* 健康卫士UITests.xctest */;
			productType = "com.apple.product-type.bundle.ui-testing";
		};
/* End PBXNativeTarget section */

/* Begin PBXProject section */
		B258F3D41D40703000739326 /* Project object */ = {
			isa = PBXProject;
			attributes = {
				LastSwiftUpdateCheck = 0730;
				LastUpgradeCheck = 0730;
				ORGANIZATIONNAME = haitao;
				TargetAttributes = {
					B258F3DB1D40703000739326 = {
						CreatedOnToolsVersion = 7.3;
					};
					B258F3EF1D40703000739326 = {
						CreatedOnToolsVersion = 7.3;
						TestTargetID = B258F3DB1D40703000739326;
					};
					B258F3FA1D40703000739326 = {
						CreatedOnToolsVersion = 7.3;
						TestTargetID = B258F3DB1D40703000739326;
					};
				};
			};
			buildConfigurationList = B258F3D71D40703000739326 /* Build configuration list for PBXProject "健康卫士" */;
			compatibilityVersion = "Xcode 3.2";
			developmentRegion = English;
			hasScannedForEncodings = 0;
			knownRegions = (
				en,
				Base,
			);
			mainGroup = B258F3D31D40703000739326;
			productRefGroup = B258F3DD1D40703000739326 /* Products */;
			projectDirPath = "";
			projectRoot = "";
			targets = (
				B258F3DB1D40703000739326 /* 健康卫士 */,
				B258F3EF1D40703000739326 /* 健康卫士Tests */,
				B258F3FA1D40703000739326 /* 健康卫士UITests */,
			);
		};
/* End PBXProject section */

/* Begin PBXResourcesBuildPhase section */
		B258F3DA1D40703000739326 /* Resources */ = {
			isa = PBXResourcesBuildPhase;
			buildActionMask = 2147483647;
			files = (
				B258F3EA1D40703000739326 /* LaunchScreen.storyboard in Resources */,
				B258F3E71D40703000739326 /* Assets.xcassets in Resources */,
				B258F3E51D40703000739326 /* Main.storyboard in Resources */,
			);
			runOnlyForDeploymentPostprocessing = 0;
		};
		B258F3EE1D40703000739326 /* Resources */ = {
			isa = PBXResourcesBuildPhase;
			buildActionMask = 2147483647;
			files = (
			);
			runOnlyForDeploymentPostprocessing = 0;
		};
		B258F3F91D40703000739326 /* Resources */ = {
			isa = PBXResourcesBuildPhase;
			buildActionMask = 2147483647;
			files = (
			);
			runOnlyForDeploymentPostprocessing = 0;
		};
/* End PBXResourcesBuildPhase section */

/* Begin PBXSourcesBuildPhase section */
		B258F3D81D40703000739326 /* Sources */ = {
			isa = PBXSourcesBuildPhase;
			buildActionMask = 2147483647;
			files = (
				B258F3E21D40703000739326 /* ViewController.swift in Sources */,
				B258F3E01D40703000739326 /* AppDelegate.swift in Sources */,
			);
			runOnlyForDeploymentPostprocessing = 0;
		};
		B258F3EC1D40703000739326 /* Sources */ = {
			isa = PBXSourcesBuildPhase;
			buildActionMask = 2147483647;
			files = (
				B258F3F51D40703000739326 /* ____Tests.swift in Sources */,
			);
			runOnlyForDeploymentPostprocessing = 0;
		};
		B258F3F71D40703000739326 /* Sources */ = {
			isa = PBXSourcesBuildPhase;
			buildActionMask = 2147483647;
			files = (
				B258F4001D40703000739326 /* ____UITests.swift in Sources */,
			);
			runOnlyForDeploymentPostprocessing = 0;
		};
/* End PBXSourcesBuildPhase section */

/* Begin PBXTargetDependency section */
		B258F3F21D40703000739326 /* PBXTargetDependency */ = {
			isa = PBXTargetDependency;
			target = B258F3DB1D40703000739326 /* 健康卫士 */;
			targetProxy = B258F3F11D40703000739326 /* PBXContainerItemProxy */;
		};
		B258F3FD1D40703000739326 /* PBXTargetDependency */ = {
			isa = PBXTargetDependency;
			target = B258F3DB1D40703000739326 /* 健康卫士 */;
			targetProxy = B258F3FC1D40703000739326 /* PBXContainerItemProxy */;
		};
/* End PBXTargetDependency section */

/* Begin PBXVariantGroup section */
		B258F3E31D40703000739326 /* Main.storyboard */ = {
			isa = PBXVariantGroup;
			children = (
				B258F3E41D40703000739326 /* Base */,
			);
			name = Main.storyboard;
			sourceTree = "<group>";
		};
		B258F3E81D40703000739326 /* LaunchScreen.storyboard */ = {
			isa = PBXVariantGroup;
			children = (
				B258F3E91D40703000739326 /* Base */,
			);
			name = LaunchScreen.storyboard;
			sourceTree = "<group>";
		};
/* End PBXVariantGroup section */

/* Begin XCBuildConfiguration section */
		B258F4021D40703000739326 /* Debug */ = {
			isa = XCBuildConfiguration;
			buildSettings = {
				ALWAYS_SEARCH_USER_PATHS = NO;
				CLANG_ANALYZER_NONNULL = YES;
				CLANG_CXX_LANGUAGE_STANDARD = "gnu++0x";
				CLANG_CXX_LIBRARY = "libc++";
				CLANG_ENABLE_MODULES = YES;
				CLANG_ENABLE_OBJC_ARC = YES;
				CLANG_WARN_BOOL_CONVERSION = YES;
				CLANG_WARN_CONSTANT_CONVERSION = YES;
				CLANG_WARN_DIRECT_OBJC_ISA_USAGE = YES_ERROR;
				CLANG_WARN_EMPTY_BODY = YES;
				CLANG_WARN_ENUM_CONVERSION = YES;
				CLANG_WARN_INT_CONVERSION = YES;
				CLANG_WARN_OBJC_ROOT_CLASS = YES_ERROR;
				CLANG_WARN_UNREACHABLE_CODE = YES;
				CLANG_WARN__DUPLICATE_METHOD_MATCH = YES;
				"CODE_SIGN_IDENTITY[sdk=iphoneos*]" = "iPhone Developer";
				COPY_PHASE_STRIP = NO;
				DEBUG_INFORMATION_FORMAT = dwarf;
				ENABLE_STRICT_OBJC_MSGSEND = YES;
				ENABLE_TESTABILITY = YES;
				GCC_C_LANGUAGE_STANDARD = gnu99;
				GCC_DYNAMIC_NO_PIC = NO;
				GCC_NO_COMMON_BLOCKS = YES;
				GCC_OPTIMIZATION_LEVEL = 0;
				GCC_PREPROCESSOR_DEFINITIONS = (
					"DEBUG=1",
					"$(inherited)",
				);
				GCC_WARN_64_TO_32_BIT_CONVERSION = YES;
				GCC_WARN_ABOUT_RETURN_TYPE = YES_ERROR;
				GCC_WARN_UNDECLARED_SELECTOR = YES;
				GCC_WARN_UNINITIALIZED_AUTOS = YES_AGGRESSIVE;
				GCC_WARN_UNUSED_FUNCTION = YES;
				GCC_WARN_UNUSED_VARIABLE = YES;
				IPHONEOS_DEPLOYMENT_TARGET = 9.3;
				MTL_ENABLE_DEBUG_INFO = YES;
				ONLY_ACTIVE_ARCH = YES;
				SDKROOT = iphoneos;
				SWIFT_OPTIMIZATION_LEVEL = "-Onone";
			};
			name = Debug;
		};
		B258F4031D40703000739326 /* Release */ = {
			isa = XCBuildConfiguration;
			buildSettings = {
				ALWAYS_SEARCH_USER_PATHS = NO;
				CLANG_ANALYZER_NONNULL = YES;
				CLANG_CXX_LANGUAGE_STANDARD = "gnu++0x";
				CLANG_CXX_LIBRARY = "libc++";
				CLANG_ENABLE_MODULES = YES;
				CLANG_ENABLE_OBJC_ARC = YES;
				CLANG_WARN_BOOL_CONVERSION = YES;
				CLANG_WARN_CONSTANT_CONVERSION = YES;
				CLANG_WARN_DIRECT_OBJC_ISA_USAGE = YES_ERROR;
				CLANG_WARN_EMPTY_BODY = YES;
				CLANG_WARN_ENUM_CONVERSION = YES;
				CLANG_WARN_INT_CONVERSION = YES;
				CLANG_WARN_OBJC_ROOT_CLASS = YES_ERROR;
				CLANG_WARN_UNREACHABLE_CODE = YES;
				CLANG_WARN__DUPLICATE_METHOD_MATCH = YES;
				"CODE_SIGN_IDENTITY[sdk=iphoneos*]" = "iPhone Developer";
				COPY_PHASE_STRIP = NO;
				DEBUG_INFORMATION_FORMAT = "dwarf-with-dsym";
				ENABLE_NS_ASSERTIONS = NO;
				ENABLE_STRICT_OBJC_MSGSEND = YES;
				GCC_C_LANGUAGE_STANDARD = gnu99;
				GCC_NO_COMMON_BLOCKS = YES;
				GCC_WARN_64_TO_32_BIT_CONVERSION = YES;
				GCC_WARN_ABOUT_RETURN_TYPE = YES_ERROR;
				GCC_WARN_UNDECLARED_SELECTOR = YES;
				GCC_WARN_UNINITIALIZED_AUTOS = YES_AGGRESSIVE;
				GCC_WARN_UNUSED_FUNCTION = YES;
				GCC_WARN_UNUSED_VARIABLE = YES;
				IPHONEOS_DEPLOYMENT_TARGET = 9.3;
				MTL_ENABLE_DEBUG_INFO = NO;
				SDKROOT = iphoneos;
				VALIDATE_PRODUCT = YES;
			};
			name = Release;
		};
		B258F4051D40703000739326 /* Debug */ = {
			isa = XCBuildConfiguration;
			buildSettings = {
				ASSETCATALOG_COMPILER_APPICON_NAME = AppIcon;
				INFOPLIST_FILE = "健康卫士/Info.plist";
				LD_RUNPATH_SEARCH_PATHS = "$(inherited) @executable_path/Frameworks";
				PRODUCT_BUNDLE_IDENTIFIER = "com.saiyimcu.----";
				PRODUCT_NAME = "$(TARGET_NAME)";
			};
			name = Debug;
		};
		B258F4061D40703000739326 /* Release */ = {
			isa = XCBuildConfiguration;
			buildSettings = {
				ASSETCATALOG_COMPILER_APPICON_NAME = AppIcon;
				INFOPLIST_FILE = "健康卫士/Info.plist";
				LD_RUNPATH_SEARCH_PATHS = "$(inherited) @executable_path/Frameworks";
				PRODUCT_BUNDLE_IDENTIFIER = "com.saiyimcu.----";
				PRODUCT_NAME = "$(TARGET_NAME)";
			};
			name = Release;
		};
		B258F4081D40703000739326 /* Debug */ = {
			isa = XCBuildConfiguration;
			buildSettings = {
				BUNDLE_LOADER = "$(TEST_HOST)";
				INFOPLIST_FILE = "健康卫士Tests/Info.plist";
				LD_RUNPATH_SEARCH_PATHS = "$(inherited) @executable_path/Frameworks @loader_path/Frameworks";
				PRODUCT_BUNDLE_IDENTIFIER = "com.saiyimcu.----Tests";
				PRODUCT_NAME = "$(TARGET_NAME)";
				TEST_HOST = "$(BUILT_PRODUCTS_DIR)/健康卫士.app/健康卫士";
			};
			name = Debug;
		};
		B258F4091D40703000739326 /* Release */ = {
			isa = XCBuildConfiguration;
			buildSettings = {
				BUNDLE_LOADER = "$(TEST_HOST)";
				INFOPLIST_FILE = "健康卫士Tests/Info.plist";
				LD_RUNPATH_SEARCH_PATHS = "$(inherited) @executable_path/Frameworks @loader_path/Frameworks";
				PRODUCT_BUNDLE_IDENTIFIER = "com.saiyimcu.----Tests";
				PRODUCT_NAME = "$(TARGET_NAME)";
				TEST_HOST = "$(BUILT_PRODUCTS_DIR)/健康卫士.app/健康卫士";
			};
			name = Release;
		};
		B258F40B1D40703000739326 /* Debug */ = {
			isa = XCBuildConfiguration;
			buildSettings = {
				INFOPLIST_FILE = "健康卫士UITests/Info.plist";
				LD_RUNPATH_SEARCH_PATHS = "$(inherited) @executable_path/Frameworks @loader_path/Frameworks";
				PRODUCT_BUNDLE_IDENTIFIER = "com.saiyimcu.----UITests";
				PRODUCT_NAME = "$(TARGET_NAME)";
				TEST_TARGET_NAME = "健康卫士";
			};
			name = Debug;
		};
		B258F40C1D40703000739326 /* Release */ = {
			isa = XCBuildConfiguration;
			buildSettings = {
				INFOPLIST_FILE = "健康卫士UITests/Info.plist";
				LD_RUNPATH_SEARCH_PATHS = "$(inherited) @executable_path/Frameworks @loader_path/Frameworks";
				PRODUCT_BUNDLE_IDENTIFIER = "com.saiyimcu.----UITests";
				PRODUCT_NAME = "$(TARGET_NAME)";
				TEST_TARGET_NAME = "健康卫士";
			};
			name = Release;
		};
/* End XCBuildConfiguration section */

/* Begin XCConfigurationList section */
		B258F3D71D40703000739326 /* Build configuration list for PBXProject "健康卫士" */ = {
			isa = XCConfigurationList;
			buildConfigurations = (
				B258F4021D40703000739326 /* Debug */,
				B258F4031D40703000739326 /* Release */,
			);
			defaultConfigurationIsVisible = 0;
			defaultConfigurationName = Release;
		};
		B258F4041D40703000739326 /* Build configuration list for PBXNativeTarget "健康卫士" */ = {
			isa = XCConfigurationList;
			buildConfigurations = (
				B258F4051D40703000739326 /* Debug */,
				B258F4061D40703000739326 /* Release */,
			);
			defaultConfigurationIsVisible = 0;
		};
		B258F4071D40703000739326 /* Build configuration list for PBXNativeTarget "健康卫士Tests" */ = {
			isa = XCConfigurationList;
			buildConfigurations = (
				B258F4081D40703000739326 /* Debug */,
				B258F4091D40703000739326 /* Release */,
			);
			defaultConfigurationIsVisible = 0;
		};
		B258F40A1D40703000739326 /* Build configuration list for PBXNativeTarget "健康卫士UITests" */ = {
			isa = XCConfigurationList;
			buildConfigurations = (
				B258F40B1D40703000739326 /* Debug */,
				B258F40C1D40703000739326 /* Release */,
			);
			defaultConfigurationIsVisible = 0;
		};
/* End XCConfigurationList section */
	};
	rootObject = B258F3D41D40703000739326 /* Project object */;
}
